
Microsoft Visual Studio Solution File, Format Version 12.00
# Visual Studio 15
VisualStudioVersion = 15.0.26124.0
MinimumVisualStudioVersion = 15.0.26124.0
Project("{2150E333-8FDC-42A3-9474-1A3956D46DE8}") = "src", "src", "{93E73D30-2A5C-43D0-AF5A-D06EB025369B}"
EndProject
Project("{9A19103F-16F7-4668-BE54-9A1E7A4F7556}") = "GitStandupCli", "src\GitStandupCli\GitStandupCli.csproj", "{C525E180-B95F-4D31-AEF4-2A7EC6814357}"
EndProject
Project("{9A19103F-16F7-4668-BE54-9A1E7A4F7556}") = "GitStandupCli.Build", "build\GitStandupCli.Build.csproj", "{EA9ACEB2-D5ED-4624-A35E-2DE31EEE64AD}"
EndProject
Project("{2150E333-8FDC-42A3-9474-1A3956D46DE8}") = "build", "build", "{C1BED5BB-EC7F-4495-A29A-7A47FC0DA1DA}"
EndProject
Global
	GlobalSection(SolutionConfigurationPlatforms) = preSolution
		Debug|Any CPU = Debug|Any CPU
		Debug|x64 = Debug|x64
		Debug|x86 = Debug|x86
		Release|Any CPU = Release|Any CPU
		Release|x64 = Release|x64
		Release|x86 = Release|x86
	EndGlobalSection
	GlobalSection(ProjectConfigurationPlatforms) = postSolution
		{C525E180-B95F-4D31-AEF4-2A7EC6814357}.Debug|Any CPU.ActiveCfg = Debug|Any CPU
		{C525E180-B95F-4D31-AEF4-2A7EC6814357}.Debug|Any CPU.Build.0 = Debug|Any CPU
		{C525E180-B95F-4D31-AEF4-2A7EC6814357}.Debug|x64.ActiveCfg = Debug|Any CPU
		{C525E180-B95F-4D31-AEF4-2A7EC6814357}.Debug|x64.Build.0 = Debug|Any CPU
		{C525E180-B95F-4D31-AEF4-2A7EC6814357}.Debug|x86.ActiveCfg = Debug|Any CPU
		{C525E180-B95F-4D31-AEF4-2A7EC6814357}.Debug|x86.Build.0 = Debug|Any CPU
		{C525E180-B95F-4D31-AEF4-2A7EC6814357}.Release|Any CPU.ActiveCfg = Release|Any CPU
		{C525E180-B95F-4D31-AEF4-2A7EC6814357}.Release|Any CPU.Build.0 = Release|Any CPU
		{C525E180-B95F-4D31-AEF4-2A7EC6814357}.Release|x64.ActiveCfg = Release|Any CPU
		{C525E180-B95F-4D31-AEF4-2A7EC6814357}.Release|x64.Build.0 = Release|Any CPU
		{C525E180-B95F-4D31-AEF4-2A7EC6814357}.Release|x86.ActiveCfg = Release|Any CPU
		{C525E180-B95F-4D31-AEF4-2A7EC6814357}.Release|x86.Build.0 = Release|Any CPU
		{EA9ACEB2-D5ED-4624-A35E-2DE31EEE64AD}.Debug|Any CPU.ActiveCfg = Debug|Any CPU
		{EA9ACEB2-D5ED-4624-A35E-2DE31EEE64AD}.Debug|x64.ActiveCfg = Debug|Any CPU
		{EA9ACEB2-D5ED-4624-A35E-2DE31EEE64AD}.Debug|x64.Build.0 = Debug|Any CPU
		{EA9ACEB2-D5ED-4624-A35E-2DE31EEE64AD}.Debug|x86.ActiveCfg = Debug|Any CPU
		{EA9ACEB2-D5ED-4624-A35E-2DE31EEE64AD}.Debug|x86.Build.0 = Debug|Any CPU
		{EA9ACEB2-D5ED-4624-A35E-2DE31EEE64AD}.Release|Any CPU.ActiveCfg = Release|Any CPU
		{EA9ACEB2-D5ED-4624-A35E-2DE31EEE64AD}.Release|x64.ActiveCfg = Release|Any CPU
		{EA9ACEB2-D5ED-4624-A35E-2DE31EEE64AD}.Release|x64.Build.0 = Release|Any CPU
		{EA9ACEB2-D5ED-4624-A35E-2DE31EEE64AD}.Release|x86.ActiveCfg = Release|Any CPU
		{EA9ACEB2-D5ED-4624-A35E-2DE31EEE64AD}.Release|x86.Build.0 = Release|Any CPU
	EndGlobalSection
	GlobalSection(SolutionProperties) = preSolution
		HideSolutionNode = FALSE
	EndGlobalSection
	GlobalSection(NestedProjects) = preSolution
		{C525E180-B95F-4D31-AEF4-2A7EC6814357} = {93E73D30-2A5C-43D0-AF5A-D06EB025369B}
		{EA9ACEB2-D5ED-4624-A35E-2DE31EEE64AD} = {C1BED5BB-EC7F-4495-A29A-7A47FC0DA1DA}
	EndGlobalSection
	GlobalSection(ExtensibilityGlobals) = postSolution
		SolutionGuid = {C5C20841-2FCC-40DA-B0DD-3F1745DF1752}
	EndGlobalSection
EndGlobal
